
Microsoft Visual Studio Solution File, Format Version 12.00
# Visual Studio Version 17
VisualStudioVersion = 17.3.32825.248
MinimumVisualStudioVersion = 10.0.40219.1
Project("{FAE04EC0-301F-11D3-BF4B-00C04F79EFBC}") = "Grupp6-ovning", "Grupp6-ovning\Grupp6-ovning.csproj", "{C135509D-82ED-426A-BD24-453A853EF400}"
EndProject
Global
	GlobalSection(SolutionConfigurationPlatforms) = preSolution
		Debug|Any CPU = Debug|Any CPU
		Release|Any CPU = Release|Any CPU
	EndGlobalSection
	GlobalSection(ProjectConfigurationPlatforms) = postSolution
		{C135509D-82ED-426A-BD24-453A853EF400}.Debug|Any CPU.ActiveCfg = Debug|Any CPU
		{C135509D-82ED-426A-BD24-453A853EF400}.Debug|Any CPU.Build.0 = Debug|Any CPU
		{C135509D-82ED-426A-BD24-453A853EF400}.Release|Any CPU.ActiveCfg = Release|Any CPU
		{C135509D-82ED-426A-BD24-453A853EF400}.Release|Any CPU.Build.0 = Release|Any CPU
	EndGlobalSection
	GlobalSection(SolutionProperties) = preSolution
		HideSolutionNode = FALSE
	EndGlobalSection
	GlobalSection(ExtensibilityGlobals) = postSolution
		SolutionGuid = {303546B5-83B3-4050-A854-8431119CFE41}
	EndGlobalSection
EndGlobal
